PODS:
  - composeApp (1.0):
    - YandexMapsMobile (= 4.17.0-lite)
  - YandexMapsMobile (4.17.0-lite)

DEPENDENCIES:
  - composeApp (from `../composeApp`)

SPEC REPOS:
  trunk:
    - YandexMapsMobile

EXTERNAL SOURCES:
  composeApp:
    :path: "../composeApp"

SPEC CHECKSUMS:
  composeApp: d615db6f058231bb8dfe6881342ad186ba4fb060
  YandexMapsMobile: 6e2193ed08ab11682efafd3a88e5de854cecc0cf

PODFILE CHECKSUM: 501c9565884acd2f13287e4df5f64b146b918298

COCOAPODS: 1.16.2
