PODS:
  - composeApp (1.0):
    - YandexMapsMobile (= 4.8.1-lite)
  - YandexMapsMobile (4.8.1-lite)

DEPENDENCIES:
  - composeApp (from `../composeApp`)

SPEC REPOS:
  trunk:
    - YandexMapsMobile

EXTERNAL SOURCES:
  composeApp:
    :path: "../composeApp"

SPEC CHECKSUMS:
  composeApp: dcefc058f6b0e53c9ed89b13e22b41ff4fc351e1
  YandexMapsMobile: 472b2b8f6775f9fe6daeaa17e5e789d4ee242074

PODFILE CHECKSUM: 501c9565884acd2f13287e4df5f64b146b918298

COCOAPODS: 1.16.2
