PODS:
  - composeApp (1.0):
    - YandexMapsMobile (= 4.42.0-lite)
  - YandexMapsMobile (4.42.0-lite)

DEPENDENCIES:
  - composeApp (from `../composeApp`)

SPEC REPOS:
  trunk:
    - YandexMapsMobile

EXTERNAL SOURCES:
  composeApp:
    :path: "../composeApp"

SPEC CHECKSUMS:
  composeApp: a60b8a12785c4129f32cf28a41fff1a434a0e0b5
  YandexMapsMobile: c5e9a60462d31851490af652a4ca7101fa1d089c

PODFILE CHECKSUM: 501c9565884acd2f13287e4df5f64b146b918298

COCOAPODS: 1.16.2
